{
  "version": "5",
  "specifiers": {
    "jsr:@std/assert@1": "1.0.19",
    "jsr:@std/internal@^1.0.12": "1.0.14",
    "npm:pdf-parse@^1.1.1": "1.1.4"
  },
  "jsr": {
    "@std/assert@1.0.19": {
      "integrity": "eaada96ee120cb980bc47e040f82814d786fe8162ecc53c91d8df60b8755991e",
      "dependencies": [
        "jsr:@std/internal"
      ]
    },
    "@std/internal@1.0.14": {
      "integrity": "291516b3d4c35024d6ffbc0a9df5bf4c64116e05b50012cf846710152d2ffdf7"
    }
  },
  "npm": {
    "node-ensure@0.0.0": {
      "integrity": "sha512-DRI60hzo2oKN1ma0ckc6nQWlHU69RH6xN0sjQTjMpChPfTYvKZdcQFfdYK2RWbJcKyUizSIy/l8OTGxMAM1QDw=="
    },
    "pdf-parse@1.1.4": {
      "integrity": "sha512-XRIRcLgk6ZnUbsHsYXExMw+krrPE81hJ6FQPLdBNhhBefqIQKXu/WeTgNBGSwPrfU0v+UCEwn7AoAUOsVKHFvQ==",
      "dependencies": [
        "node-ensure"
      ]
    }
  },
  "workspace": {
    "dependencies": [
      "npm:pdf-parse@^1.1.1"
    ],
    "links": {
      "jsr:@openelement/adapter-vite@0.41.0-alpha.5": {
        "dependencies": [
          "npm:@hono/vite-dev-server@~0.25.3",
          "npm:@mdx-js/rollup@^3.1.1",
          "npm:@types/sanitize-html@2",
          "npm:sanitize-html@^2.17.4",
          "npm:vite@8.0.10"
        ]
      },
      "jsr:@openelement/app@0.41.0-alpha.5": {},
      "jsr:@openelement/content@0.41.0-alpha.5": {
        "dependencies": [
          "npm:@mdx-js/mdx@^3.1.1",
          "npm:@types/sanitize-html@2",
          "npm:gray-matter@^4.0.3",
          "npm:marked@15",
          "npm:sanitize-html@^2.17.4",
          "npm:vite@8.0.10"
        ]
      },
      "jsr:@openelement/core@0.41.0-alpha.5": {},
      "jsr:@openelement/create@0.41.0-alpha.5": {},
      "jsr:@openelement/element@0.41.0-alpha.5": {},
      "jsr:@openelement/protocol@0.41.0-alpha.5": {},
      "jsr:@openelement/router@0.41.0-alpha.5": {},
      "jsr:@openelement/signal@0.41.0-alpha.5": {
        "dependencies": [
          "npm:@preact/signals-core@^1.12.1"
        ]
      },
      "jsr:@openelement/ssg@0.41.0-alpha.5": {},
      "jsr:@openelement/ui@0.41.0-alpha.5": {}
    }
  }
}
